
Microsoft Visual Studio Solution File, Format Version 12.00
# Visual Studio Version 17
VisualStudioVersion = 17.9.34622.214
MinimumVisualStudioVersion = 10.0.40219.1
Project("{FAE04EC0-301F-11D3-BF4B-00C04F79EFBC}") = "ST10159832KeenanPROGpart1", "ST10159832KeenanPROGpart1.csproj", "{5F0C3115-911E-460E-8CAF-8CF3E31CCC6E}"
EndProject
Global
	GlobalSection(SolutionConfigurationPlatforms) = preSolution
		Debug|Any CPU = Debug|Any CPU
		Release|Any CPU = Release|Any CPU
	EndGlobalSection
	GlobalSection(ProjectConfigurationPlatforms) = postSolution
		{5F0C3115-911E-460E-8CAF-8CF3E31CCC6E}.Debug|Any CPU.ActiveCfg = Debug|Any CPU
		{5F0C3115-911E-460E-8CAF-8CF3E31CCC6E}.Debug|Any CPU.Build.0 = Debug|Any CPU
		{5F0C3115-911E-460E-8CAF-8CF3E31CCC6E}.Release|Any CPU.ActiveCfg = Release|Any CPU
		{5F0C3115-911E-460E-8CAF-8CF3E31CCC6E}.Release|Any CPU.Build.0 = Release|Any CPU
	EndGlobalSection
	GlobalSection(SolutionProperties) = preSolution
		HideSolutionNode = FALSE
	EndGlobalSection
	GlobalSection(ExtensibilityGlobals) = postSolution
		SolutionGuid = {1E9BD3F6-1F12-43F8-BCB9-8EA029E7DE81}
	EndGlobalSection
EndGlobal
